// !$*UTF8*$!
{
	archiveVersion = 1;
	classes = {
	};
	objectVersion = 56;
	objects = {

/* Begin PBXBuildFile section */
		5D14B33B2B750D8600A5063E /* FavoriteRecipesCustomTableViewCell.swift in Sources */ = {isa = PBXBuildFile; fileRef = 5D14B33A2B750D8600A5063E /* FavoriteRecipesCustomTableViewCell.swift */; };
		5D14B3432B76AF4A00A5063E /* MainViewModel.swift in Sources */ = {isa = PBXBuildFile; fileRef = 5D14B3422B76AF4A00A5063E /* MainViewModel.swift */; };
		5D14B3492B76DB4F00A5063E /* BackgroundView.swift in Sources */ = {isa = PBXBuildFile; fileRef = 5D14B3482B76DB4F00A5063E /* BackgroundView.swift */; };
		5D14B34D2B77991400A5063E /* NSAttributedString+Extension.swift in Sources */ = {isa = PBXBuildFile; fileRef = 5D14B34C2B77991400A5063E /* NSAttributedString+Extension.swift */; };
		5D14B3502B779A3900A5063E /* RecipeCustomTableViewCell.swift in Sources */ = {isa = PBXBuildFile; fileRef = 5D14B34F2B779A3800A5063E /* RecipeCustomTableViewCell.swift */; };
		5D14B3532B7801C200A5063E /* LogoContainerView.swift in Sources */ = {isa = PBXBuildFile; fileRef = 5D14B3522B7801C200A5063E /* LogoContainerView.swift */; };
		5D14B3552B7802C000A5063E /* SearchButtonView.swift in Sources */ = {isa = PBXBuildFile; fileRef = 5D14B3542B7802C000A5063E /* SearchButtonView.swift */; };
		5D3E3C302B5C1F5200E3266E /* TabBarController.swift in Sources */ = {isa = PBXBuildFile; fileRef = 5D3E3C2F2B5C1F5200E3266E /* TabBarController.swift */; };
		5D3E3C322B5C1FB600E3266E /* HomeViewController.swift in Sources */ = {isa = PBXBuildFile; fileRef = 5D3E3C312B5C1FB600E3266E /* HomeViewController.swift */; };
		5D3E3C362B5C1FED00E3266E /* ProfileViewController.swift in Sources */ = {isa = PBXBuildFile; fileRef = 5D3E3C352B5C1FED00E3266E /* ProfileViewController.swift */; };
		5D3E3C382B5C202900E3266E /* FavoritesViewController.swift in Sources */ = {isa = PBXBuildFile; fileRef = 5D3E3C372B5C202900E3266E /* FavoritesViewController.swift */; };
		5D3E3C3C2B5C216700E3266E /* Constants.swift in Sources */ = {isa = PBXBuildFile; fileRef = 5D3E3C3B2B5C216700E3266E /* Constants.swift */; };
		5D3E3C3F2B5C2F8F00E3266E /* RegistrationView.swift in Sources */ = {isa = PBXBuildFile; fileRef = 5D3E3C3E2B5C2F8F00E3266E /* RegistrationView.swift */; };
		5D3E3C422B5C30FA00E3266E /* TextFieldView.swift in Sources */ = {isa = PBXBuildFile; fileRef = 5D3E3C412B5C30FA00E3266E /* TextFieldView.swift */; };
		5D3E3C442B5C330000E3266E /* AuthenticationViewModel.swift in Sources */ = {isa = PBXBuildFile; fileRef = 5D3E3C432B5C330000E3266E /* AuthenticationViewModel.swift */; };
		5D3E3C482B5D1C3F00E3266E /* AuthButton.swift in Sources */ = {isa = PBXBuildFile; fileRef = 5D3E3C472B5D1C3F00E3266E /* AuthButton.swift */; };
		5D3E3C4C2B5D2DE200E3266E /* LoginView.swift in Sources */ = {isa = PBXBuildFile; fileRef = 5D3E3C4B2B5D2DE200E3266E /* LoginView.swift */; };
		5D3E3C512B5D6D0600E3266E /* Recipe.swift in Sources */ = {isa = PBXBuildFile; fileRef = 5D3E3C502B5D6D0600E3266E /* Recipe.swift */; };
		5D4392AB2B713BD300039BCC /* Prompt.swift in Sources */ = {isa = PBXBuildFile; fileRef = 5D4392AA2B713BD300039BCC /* Prompt.swift */; };
		5D8F34FC2B71981300FDFCFD /* PromptViewController.swift in Sources */ = {isa = PBXBuildFile; fileRef = 5D8F34FB2B71981300FDFCFD /* PromptViewController.swift */; };
		5D8F34FE2B72868B00FDFCFD /* RecipeViewController.swift in Sources */ = {isa = PBXBuildFile; fileRef = 5D8F34FD2B72868B00FDFCFD /* RecipeViewController.swift */; };
		5D8F35022B72AC0400FDFCFD /* UILabel+Extension.swift in Sources */ = {isa = PBXBuildFile; fileRef = 5D8F35012B72AC0400FDFCFD /* UILabel+Extension.swift */; };
		5D8F35072B72BE5500FDFCFD /* UIButton+Extension.swift in Sources */ = {isa = PBXBuildFile; fileRef = 5D8F35062B72BE5500FDFCFD /* UIButton+Extension.swift */; };
		5D8F350B2B72C85200FDFCFD /* MockRecipe.swift in Sources */ = {isa = PBXBuildFile; fileRef = 5D8F350A2B72C85200FDFCFD /* MockRecipe.swift */; };
		5DB8804D2B5B2114003FE18D /* AppDelegate.swift in Sources */ = {isa = PBXBuildFile; fileRef = 5DB8804C2B5B2114003FE18D /* AppDelegate.swift */; };
		5DB8804F2B5B2114003FE18D /* SceneDelegate.swift in Sources */ = {isa = PBXBuildFile; fileRef = 5DB8804E2B5B2114003FE18D /* SceneDelegate.swift */; };
		5DB880562B5B2115003FE18D /* Assets.xcassets in Resources */ = {isa = PBXBuildFile; fileRef = 5DB880552B5B2115003FE18D /* Assets.xcassets */; };
		5DB880592B5B2115003FE18D /* LaunchScreen.storyboard in Resources */ = {isa = PBXBuildFile; fileRef = 5DB880572B5B2115003FE18D /* LaunchScreen.storyboard */; };
		5DB880622B5B2132003FE18D /* Auth in Frameworks */ = {isa = PBXBuildFile; productRef = 5DB880612B5B2132003FE18D /* Auth */; };
		5DB880642B5B2132003FE18D /* Functions in Frameworks */ = {isa = PBXBuildFile; productRef = 5DB880632B5B2132003FE18D /* Functions */; };
		5DB880662B5B2132003FE18D /* PostgREST in Frameworks */ = {isa = PBXBuildFile; productRef = 5DB880652B5B2132003FE18D /* PostgREST */; };
		5DB880682B5B2132003FE18D /* Realtime in Frameworks */ = {isa = PBXBuildFile; productRef = 5DB880672B5B2132003FE18D /* Realtime */; };
		5DB8806A2B5B2132003FE18D /* Storage in Frameworks */ = {isa = PBXBuildFile; productRef = 5DB880692B5B2132003FE18D /* Storage */; };
		5DB8806C2B5B2132003FE18D /* Supabase in Frameworks */ = {isa = PBXBuildFile; productRef = 5DB8806B2B5B2132003FE18D /* Supabase */; };
		5DB880702B5BBDCE003FE18D /* ApiManager.swift in Sources */ = {isa = PBXBuildFile; fileRef = 5DB8806F2B5BBDCE003FE18D /* ApiManager.swift */; };
		5DB880A22B5BE85F003FE18D /* Injected.swift in Sources */ = {isa = PBXBuildFile; fileRef = 5DB880A12B5BE85F003FE18D /* Injected.swift */; };
		5DB880A42B5BE86B003FE18D /* InjectedValues.swift in Sources */ = {isa = PBXBuildFile; fileRef = 5DB880A32B5BE86B003FE18D /* InjectedValues.swift */; };
		5DB880A62B5BE876003FE18D /* InjectionKey.swift in Sources */ = {isa = PBXBuildFile; fileRef = 5DB880A52B5BE876003FE18D /* InjectionKey.swift */; };
		5DB880AA2B5BED9F003FE18D /* NetworkProviding.swift in Sources */ = {isa = PBXBuildFile; fileRef = 5DB880A92B5BED9F003FE18D /* NetworkProviding.swift */; };
		5DC38A712B78DCC9003860BB /* CustomLinearGradientView.swift in Sources */ = {isa = PBXBuildFile; fileRef = 5DC38A702B78DCC9003860BB /* CustomLinearGradientView.swift */; };
		5DC38A742B78DE16003860BB /* SaveButtonView.swift in Sources */ = {isa = PBXBuildFile; fileRef = 5DC38A732B78DE16003860BB /* SaveButtonView.swift */; };
		5DC38A762B78F2C4003860BB /* AuthBackgroundViewRepresentable.swift in Sources */ = {isa = PBXBuildFile; fileRef = 5DC38A752B78F2C4003860BB /* AuthBackgroundViewRepresentable.swift */; };
		5DC38A782B78FFE2003860BB /* ErrorBannerView.swift in Sources */ = {isa = PBXBuildFile; fileRef = 5DC38A772B78FFE2003860BB /* ErrorBannerView.swift */; };
		5DDA81B22B5E880C00548411 /* InjectedDependencies.swift in Sources */ = {isa = PBXBuildFile; fileRef = 5DDA81B12B5E880C00548411 /* InjectedDependencies.swift */; };
		5DDA81B72B5EC4B100548411 /* FlowCoordinator.swift in Sources */ = {isa = PBXBuildFile; fileRef = 5DDA81B62B5EC4B100548411 /* FlowCoordinator.swift */; };
		5DDA81CA2B60465700548411 /* HorizontalScrollSection.swift in Sources */ = {isa = PBXBuildFile; fileRef = 5DDA81C92B60465700548411 /* HorizontalScrollSection.swift */; };
/* End PBXBuildFile section */

/* Begin PBXFileReference section */
		5D14B33A2B750D8600A5063E /* FavoriteRecipesCustomTableViewCell.swift */ = {isa = PBXFileReference; lastKnownFileType = sourcecode.swift; path = FavoriteRecipesCustomTableViewCell.swift; sourceTree = "<group>"; };
		5D14B3422B76AF4A00A5063E /* MainViewModel.swift */ = {isa = PBXFileReference; lastKnownFileType = sourcecode.swift; path = MainViewModel.swift; sourceTree = "<group>"; };
		5D14B3482B76DB4F00A5063E /* BackgroundView.swift */ = {isa = PBXFileReference; lastKnownFileType = sourcecode.swift; path = BackgroundView.swift; sourceTree = "<group>"; };
		5D14B34C2B77991400A5063E /* NSAttributedString+Extension.swift */ = {isa = PBXFileReference; lastKnownFileType = sourcecode.swift; path = "NSAttributedString+Extension.swift"; sourceTree = "<group>"; };
		5D14B34F2B779A3800A5063E /* RecipeCustomTableViewCell.swift */ = {isa = PBXFileReference; lastKnownFileType = sourcecode.swift; path = RecipeCustomTableViewCell.swift; sourceTree = "<group>"; };
		5D14B3522B7801C200A5063E /* LogoContainerView.swift */ = {isa = PBXFileReference; lastKnownFileType = sourcecode.swift; path = LogoContainerView.swift; sourceTree = "<group>"; };
		5D14B3542B7802C000A5063E /* SearchButtonView.swift */ = {isa = PBXFileReference; lastKnownFileType = sourcecode.swift; path = SearchButtonView.swift; sourceTree = "<group>"; };
		5D3E3C2F2B5C1F5200E3266E /* TabBarController.swift */ = {isa = PBXFileReference; lastKnownFileType = sourcecode.swift; path = TabBarController.swift; sourceTree = "<group>"; };
		5D3E3C312B5C1FB600E3266E /* HomeViewController.swift */ = {isa = PBXFileReference; lastKnownFileType = sourcecode.swift; path = HomeViewController.swift; sourceTree = "<group>"; };
		5D3E3C352B5C1FED00E3266E /* ProfileViewController.swift */ = {isa = PBXFileReference; lastKnownFileType = sourcecode.swift; path = ProfileViewController.swift; sourceTree = "<group>"; };
		5D3E3C372B5C202900E3266E /* FavoritesViewController.swift */ = {isa = PBXFileReference; lastKnownFileType = sourcecode.swift; path = FavoritesViewController.swift; sourceTree = "<group>"; };
		5D3E3C3B2B5C216700E3266E /* Constants.swift */ = {isa = PBXFileReference; lastKnownFileType = sourcecode.swift; path = Constants.swift; sourceTree = "<group>"; };
		5D3E3C3E2B5C2F8F00E3266E /* RegistrationView.swift */ = {isa = PBXFileReference; lastKnownFileType = sourcecode.swift; path = RegistrationView.swift; sourceTree = "<group>"; };
		5D3E3C412B5C30FA00E3266E /* TextFieldView.swift */ = {isa = PBXFileReference; lastKnownFileType = sourcecode.swift; path = TextFieldView.swift; sourceTree = "<group>"; };
		5D3E3C432B5C330000E3266E /* AuthenticationViewModel.swift */ = {isa = PBXFileReference; lastKnownFileType = sourcecode.swift; path = AuthenticationViewModel.swift; sourceTree = "<group>"; };
		5D3E3C472B5D1C3F00E3266E /* AuthButton.swift */ = {isa = PBXFileReference; lastKnownFileType = sourcecode.swift; path = AuthButton.swift; sourceTree = "<group>"; };
		5D3E3C4B2B5D2DE200E3266E /* LoginView.swift */ = {isa = PBXFileReference; lastKnownFileType = sourcecode.swift; path = LoginView.swift; sourceTree = "<group>"; };
		5D3E3C502B5D6D0600E3266E /* Recipe.swift */ = {isa = PBXFileReference; lastKnownFileType = sourcecode.swift; path = Recipe.swift; sourceTree = "<group>"; };
		5D4392AA2B713BD300039BCC /* Prompt.swift */ = {isa = PBXFileReference; lastKnownFileType = sourcecode.swift; path = Prompt.swift; sourceTree = "<group>"; };
		5D8F34FB2B71981300FDFCFD /* PromptViewController.swift */ = {isa = PBXFileReference; lastKnownFileType = sourcecode.swift; path = PromptViewController.swift; sourceTree = "<group>"; };
		5D8F34FD2B72868B00FDFCFD /* RecipeViewController.swift */ = {isa = PBXFileReference; lastKnownFileType = sourcecode.swift; path = RecipeViewController.swift; sourceTree = "<group>"; };
		5D8F35012B72AC0400FDFCFD /* UILabel+Extension.swift */ = {isa = PBXFileReference; lastKnownFileType = sourcecode.swift; path = "UILabel+Extension.swift"; sourceTree = "<group>"; };
		5D8F35062B72BE5500FDFCFD /* UIButton+Extension.swift */ = {isa = PBXFileReference; fileEncoding = 4; lastKnownFileType = sourcecode.swift; path = "UIButton+Extension.swift"; sourceTree = "<group>"; };
		5D8F350A2B72C85200FDFCFD /* MockRecipe.swift */ = {isa = PBXFileReference; lastKnownFileType = sourcecode.swift; path = MockRecipe.swift; sourceTree = "<group>"; };
		5DB880492B5B2114003FE18D /* Cookly.app */ = {isa = PBXFileReference; explicitFileType = wrapper.application; includeInIndex = 0; path = Cookly.app; sourceTree = BUILT_PRODUCTS_DIR; };
		5DB8804C2B5B2114003FE18D /* AppDelegate.swift */ = {isa = PBXFileReference; lastKnownFileType = sourcecode.swift; path = AppDelegate.swift; sourceTree = "<group>"; };
		5DB8804E2B5B2114003FE18D /* SceneDelegate.swift */ = {isa = PBXFileReference; lastKnownFileType = sourcecode.swift; path = SceneDelegate.swift; sourceTree = "<group>"; };
		5DB880552B5B2115003FE18D /* Assets.xcassets */ = {isa = PBXFileReference; lastKnownFileType = folder.assetcatalog; path = Assets.xcassets; sourceTree = "<group>"; };
		5DB880582B5B2115003FE18D /* Base */ = {isa = PBXFileReference; lastKnownFileType = file.storyboard; name = Base; path = Base.lproj/LaunchScreen.storyboard; sourceTree = "<group>"; };
		5DB8805A2B5B2115003FE18D /* Info.plist */ = {isa = PBXFileReference; lastKnownFileType = text.plist.xml; path = Info.plist; sourceTree = "<group>"; };
		5DB8806F2B5BBDCE003FE18D /* ApiManager.swift */ = {isa = PBXFileReference; lastKnownFileType = sourcecode.swift; path = ApiManager.swift; sourceTree = "<group>"; };
		5DB880A12B5BE85F003FE18D /* Injected.swift */ = {isa = PBXFileReference; lastKnownFileType = sourcecode.swift; path = Injected.swift; sourceTree = "<group>"; };
		5DB880A32B5BE86B003FE18D /* InjectedValues.swift */ = {isa = PBXFileReference; lastKnownFileType = sourcecode.swift; path = InjectedValues.swift; sourceTree = "<group>"; };
		5DB880A52B5BE876003FE18D /* InjectionKey.swift */ = {isa = PBXFileReference; lastKnownFileType = sourcecode.swift; path = InjectionKey.swift; sourceTree = "<group>"; };
		5DB880A92B5BED9F003FE18D /* NetworkProviding.swift */ = {isa = PBXFileReference; lastKnownFileType = sourcecode.swift; path = NetworkProviding.swift; sourceTree = "<group>"; };
		5DC38A702B78DCC9003860BB /* CustomLinearGradientView.swift */ = {isa = PBXFileReference; lastKnownFileType = sourcecode.swift; path = CustomLinearGradientView.swift; sourceTree = "<group>"; };
		5DC38A732B78DE16003860BB /* SaveButtonView.swift */ = {isa = PBXFileReference; lastKnownFileType = sourcecode.swift; path = SaveButtonView.swift; sourceTree = "<group>"; };
		5DC38A752B78F2C4003860BB /* AuthBackgroundViewRepresentable.swift */ = {isa = PBXFileReference; lastKnownFileType = sourcecode.swift; path = AuthBackgroundViewRepresentable.swift; sourceTree = "<group>"; };
		5DC38A772B78FFE2003860BB /* ErrorBannerView.swift */ = {isa = PBXFileReference; lastKnownFileType = sourcecode.swift; path = ErrorBannerView.swift; sourceTree = "<group>"; };
		5DDA81B12B5E880C00548411 /* InjectedDependencies.swift */ = {isa = PBXFileReference; lastKnownFileType = sourcecode.swift; path = InjectedDependencies.swift; sourceTree = "<group>"; };
		5DDA81B62B5EC4B100548411 /* FlowCoordinator.swift */ = {isa = PBXFileReference; lastKnownFileType = sourcecode.swift; path = FlowCoordinator.swift; sourceTree = "<group>"; };
		5DDA81C92B60465700548411 /* HorizontalScrollSection.swift */ = {isa = PBXFileReference; lastKnownFileType = sourcecode.swift; path = HorizontalScrollSection.swift; sourceTree = "<group>"; };
/* End PBXFileReference section */

/* Begin PBXFrameworksBuildPhase section */
		5DB880462B5B2114003FE18D /* Frameworks */ = {
			isa = PBXFrameworksBuildPhase;
			buildActionMask = 2147483647;
			files = (
				5DB880662B5B2132003FE18D /* PostgREST in Frameworks */,
				5DB880642B5B2132003FE18D /* Functions in Frameworks */,
				5DB8806C2B5B2132003FE18D /* Supabase in Frameworks */,
				5DB880622B5B2132003FE18D /* Auth in Frameworks */,
				5DB8806A2B5B2132003FE18D /* Storage in Frameworks */,
				5DB880682B5B2132003FE18D /* Realtime in Frameworks */,
			);
			runOnlyForDeploymentPostprocessing = 0;
		};
/* End PBXFrameworksBuildPhase section */

/* Begin PBXGroup section */
		5D14B3392B750D6400A5063E /* Favorites */ = {
			isa = PBXGroup;
			children = (
				5D14B33A2B750D8600A5063E /* FavoriteRecipesCustomTableViewCell.swift */,
				5D3E3C372B5C202900E3266E /* FavoritesViewController.swift */,
			);
			path = Favorites;
			sourceTree = "<group>";
		};
		5D14B33C2B75719300A5063E /* Profile */ = {
			isa = PBXGroup;
			children = (
				5D3E3C352B5C1FED00E3266E /* ProfileViewController.swift */,
			);
			path = Profile;
			sourceTree = "<group>";
		};
		5D14B3402B76A6DE00A5063E /* TabBar */ = {
			isa = PBXGroup;
			children = (
				5D3E3C2F2B5C1F5200E3266E /* TabBarController.swift */,
				5DDA81CB2B6048E500548411 /* Home */,
				5D14B3392B750D6400A5063E /* Favorites */,
				5D14B33C2B75719300A5063E /* Profile */,
			);
			path = TabBar;
			sourceTree = "<group>";
		};
		5D14B3412B76AF2300A5063E /* ViewModel */ = {
			isa = PBXGroup;
			children = (
				5D14B3422B76AF4A00A5063E /* MainViewModel.swift */,
				5D3E3C432B5C330000E3266E /* AuthenticationViewModel.swift */,
			);
			path = ViewModel;
			sourceTree = "<group>";
		};
		5D14B34E2B779A1F00A5063E /* Recipe */ = {
			isa = PBXGroup;
			children = (
				5D8F34FD2B72868B00FDFCFD /* RecipeViewController.swift */,
				5D14B34F2B779A3800A5063E /* RecipeCustomTableViewCell.swift */,
			);
			path = Recipe;
			sourceTree = "<group>";
		};
		5D14B3512B77FB9700A5063E /* Prompt */ = {
			isa = PBXGroup;
			children = (
				5D8F34FB2B71981300FDFCFD /* PromptViewController.swift */,
			);
			path = Prompt;
			sourceTree = "<group>";
		};
		5D3E3C392B5C20CA00E3266E /* MainScenes */ = {
			isa = PBXGroup;
			children = (
				5D14B3402B76A6DE00A5063E /* TabBar */,
			);
			path = MainScenes;
			sourceTree = "<group>";
		};
		5D3E3C3A2B5C215500E3266E /* Utilities */ = {
			isa = PBXGroup;
			children = (
				5D3E3C3B2B5C216700E3266E /* Constants.swift */,
				5D8F350A2B72C85200FDFCFD /* MockRecipe.swift */,
				5D8F35052B72BD8E00FDFCFD /* Extensions */,
			);
			path = Utilities;
			sourceTree = "<group>";
		};
		5D3E3C3D2B5C2F7F00E3266E /* Authentication */ = {
			isa = PBXGroup;
			children = (
				5D3E3C4A2B5D2DCA00E3266E /* Registration */,
				5D3E3C4D2B5D2DE500E3266E /* Login */,
				5D3E3C402B5C30EF00E3266E /* Components */,
			);
			path = Authentication;
			sourceTree = "<group>";
		};
		5D3E3C402B5C30EF00E3266E /* Components */ = {
			isa = PBXGroup;
			children = (
				5D3E3C412B5C30FA00E3266E /* TextFieldView.swift */,
				5D3E3C472B5D1C3F00E3266E /* AuthButton.swift */,
			);
			path = Components;
			sourceTree = "<group>";
		};
		5D3E3C4A2B5D2DCA00E3266E /* Registration */ = {
			isa = PBXGroup;
			children = (
				5D3E3C3E2B5C2F8F00E3266E /* RegistrationView.swift */,
			);
			path = Registration;
			sourceTree = "<group>";
		};
		5D3E3C4D2B5D2DE500E3266E /* Login */ = {
			isa = PBXGroup;
			children = (
				5D3E3C4B2B5D2DE200E3266E /* LoginView.swift */,
			);
			path = Login;
			sourceTree = "<group>";
		};
		5D3E3C4E2B5D2E3A00E3266E /* Protocol */ = {
			isa = PBXGroup;
			children = (
				5DB880A92B5BED9F003FE18D /* NetworkProviding.swift */,
			);
			path = Protocol;
			sourceTree = "<group>";
		};
		5D3E3C4F2B5D6CEF00E3266E /* Model */ = {
			isa = PBXGroup;
			children = (
				5D3E3C502B5D6D0600E3266E /* Recipe.swift */,
				5D4392AA2B713BD300039BCC /* Prompt.swift */,
			);
			path = Model;
			sourceTree = "<group>";
		};
		5D8F35052B72BD8E00FDFCFD /* Extensions */ = {
			isa = PBXGroup;
			children = (
				5D8F35012B72AC0400FDFCFD /* UILabel+Extension.swift */,
				5D8F35062B72BE5500FDFCFD /* UIButton+Extension.swift */,
				5D14B34C2B77991400A5063E /* NSAttributedString+Extension.swift */,
			);
			path = Extensions;
			sourceTree = "<group>";
		};
		5DB880402B5B2114003FE18D = {
			isa = PBXGroup;
			children = (
				5DB8804B2B5B2114003FE18D /* Cookly */,
				5DB8804A2B5B2114003FE18D /* Products */,
			);
			sourceTree = "<group>";
		};
		5DB8804A2B5B2114003FE18D /* Products */ = {
			isa = PBXGroup;
			children = (
				5DB880492B5B2114003FE18D /* Cookly.app */,
			);
			name = Products;
			sourceTree = "<group>";
		};
		5DB8804B2B5B2114003FE18D /* Cookly */ = {
			isa = PBXGroup;
			children = (
				5DB8806E2B5BBDB5003FE18D /* App */,
				5DB880A02B5BE852003FE18D /* API */,
				5D3E3C4F2B5D6CEF00E3266E /* Model */,
				5D14B3412B76AF2300A5063E /* ViewModel */,
				5DB880A82B5BED04003FE18D /* Scenes */,
				5DB880A72B5BEC70003FE18D /* DependencyInjection */,
				5DDA81B52B5EC49900548411 /* Coordinator */,
				5DC38A722B78DCE2003860BB /* Components */,
				5D3E3C3A2B5C215500E3266E /* Utilities */,
				5DB8806D2B5BBDAA003FE18D /* Files */,
				5DB8805A2B5B2115003FE18D /* Info.plist */,
			);
			path = Cookly;
			sourceTree = "<group>";
		};
		5DB8806D2B5BBDAA003FE18D /* Files */ = {
			isa = PBXGroup;
			children = (
				5DB880552B5B2115003FE18D /* Assets.xcassets */,
				5DB880572B5B2115003FE18D /* LaunchScreen.storyboard */,
			);
			path = Files;
			sourceTree = "<group>";
		};
		5DB8806E2B5BBDB5003FE18D /* App */ = {
			isa = PBXGroup;
			children = (
				5DB8804C2B5B2114003FE18D /* AppDelegate.swift */,
				5DB8804E2B5B2114003FE18D /* SceneDelegate.swift */,
			);
			path = App;
			sourceTree = "<group>";
		};
		5DB880A02B5BE852003FE18D /* API */ = {
			isa = PBXGroup;
			children = (
				5D3E3C4E2B5D2E3A00E3266E /* Protocol */,
				5DB8806F2B5BBDCE003FE18D /* ApiManager.swift */,
			);
			path = API;
			sourceTree = "<group>";
		};
		5DB880A72B5BEC70003FE18D /* DependencyInjection */ = {
			isa = PBXGroup;
			children = (
				5DB880A52B5BE876003FE18D /* InjectionKey.swift */,
				5DB880A12B5BE85F003FE18D /* Injected.swift */,
				5DB880A32B5BE86B003FE18D /* InjectedValues.swift */,
				5DDA81B12B5E880C00548411 /* InjectedDependencies.swift */,
			);
			path = DependencyInjection;
			sourceTree = "<group>";
		};
		5DB880A82B5BED04003FE18D /* Scenes */ = {
			isa = PBXGroup;
			children = (
				5DDA81C82B60463D00548411 /* SwiftUI  */,
				5D3E3C3D2B5C2F7F00E3266E /* Authentication */,
				5D3E3C392B5C20CA00E3266E /* MainScenes */,
			);
			path = Scenes;
			sourceTree = "<group>";
		};
		5DC38A722B78DCE2003860BB /* Components */ = {
			isa = PBXGroup;
			children = (
				5D14B3542B7802C000A5063E /* SearchButtonView.swift */,
				5D14B3482B76DB4F00A5063E /* BackgroundView.swift */,
				5DC38A702B78DCC9003860BB /* CustomLinearGradientView.swift */,
				5DC38A732B78DE16003860BB /* SaveButtonView.swift */,
				5DC38A752B78F2C4003860BB /* AuthBackgroundViewRepresentable.swift */,
			);
			path = Components;
			sourceTree = "<group>";
		};
		5DDA81B52B5EC49900548411 /* Coordinator */ = {
			isa = PBXGroup;
			children = (
				5DDA81B62B5EC4B100548411 /* FlowCoordinator.swift */,
			);
			path = Coordinator;
			sourceTree = "<group>";
		};
		5DDA81C82B60463D00548411 /* SwiftUI  */ = {
			isa = PBXGroup;
			children = (
				5DDA81C92B60465700548411 /* HorizontalScrollSection.swift */,
				5DC38A772B78FFE2003860BB /* ErrorBannerView.swift */,
			);
			path = "SwiftUI ";
			sourceTree = "<group>";
		};
		5DDA81CB2B6048E500548411 /* Home */ = {
			isa = PBXGroup;
			children = (
				5D3E3C312B5C1FB600E3266E /* HomeViewController.swift */,
				5D14B3522B7801C200A5063E /* LogoContainerView.swift */,
				5D14B3512B77FB9700A5063E /* Prompt */,
				5D14B34E2B779A1F00A5063E /* Recipe */,
			);
			path = Home;
			sourceTree = "<group>";
		};
/* End PBXGroup section */

/* Begin PBXNativeTarget section */
		5DB880482B5B2114003FE18D /* Cookly */ = {
			isa = PBXNativeTarget;
			buildConfigurationList = 5DB8805D2B5B2115003FE18D /* Build configuration list for PBXNativeTarget "Cookly" */;
			buildPhases = (
				5DB880452B5B2114003FE18D /* Sources */,
				5DB880462B5B2114003FE18D /* Frameworks */,
				5DB880472B5B2114003FE18D /* Resources */,
			);
			buildRules = (
			);
			dependencies = (
			);
			name = Cookly;
			packageProductDependencies = (
				5DB880612B5B2132003FE18D /* Auth */,
				5DB880632B5B2132003FE18D /* Functions */,
				5DB880652B5B2132003FE18D /* PostgREST */,
				5DB880672B5B2132003FE18D /* Realtime */,
				5DB880692B5B2132003FE18D /* Storage */,
				5DB8806B2B5B2132003FE18D /* Supabase */,
			);
			productName = Cookly;
			productReference = 5DB880492B5B2114003FE18D /* Cookly.app */;
			productType = "com.apple.product-type.application";
		};
/* End PBXNativeTarget section */

/* Begin PBXProject section */
		5DB880412B5B2114003FE18D /* Project object */ = {
			isa = PBXProject;
			attributes = {
				BuildIndependentTargetsInParallel = 1;
				LastSwiftUpdateCheck = 1500;
				LastUpgradeCheck = 1500;
				TargetAttributes = {
					5DB880482B5B2114003FE18D = {
						CreatedOnToolsVersion = 15.0;
					};
				};
			};
			buildConfigurationList = 5DB880442B5B2114003FE18D /* Build configuration list for PBXProject "Cookly" */;
			compatibilityVersion = "Xcode 14.0";
			developmentRegion = en;
			hasScannedForEncodings = 0;
			knownRegions = (
				en,
				Base,
			);
			mainGroup = 5DB880402B5B2114003FE18D;
			packageReferences = (
				5DB880602B5B2132003FE18D /* XCRemoteSwiftPackageReference "supabase-swift" */,
			);
			productRefGroup = 5DB8804A2B5B2114003FE18D /* Products */;
			projectDirPath = "";
			projectRoot = "";
			targets = (
				5DB880482B5B2114003FE18D /* Cookly */,
			);
		};
/* End PBXProject section */

/* Begin PBXResourcesBuildPhase section */
		5DB880472B5B2114003FE18D /* Resources */ = {
			isa = PBXResourcesBuildPhase;
			buildActionMask = 2147483647;
			files = (
				5DB880592B5B2115003FE18D /* LaunchScreen.storyboard in Resources */,
				5DB880562B5B2115003FE18D /* Assets.xcassets in Resources */,
			);
			runOnlyForDeploymentPostprocessing = 0;
		};
/* End PBXResourcesBuildPhase section */

/* Begin PBXSourcesBuildPhase section */
		5DB880452B5B2114003FE18D /* Sources */ = {
			isa = PBXSourcesBuildPhase;
			buildActionMask = 2147483647;
			files = (
				5D3E3C512B5D6D0600E3266E /* Recipe.swift in Sources */,
				5D3E3C382B5C202900E3266E /* FavoritesViewController.swift in Sources */,
				5DC38A782B78FFE2003860BB /* ErrorBannerView.swift in Sources */,
				5D3E3C482B5D1C3F00E3266E /* AuthButton.swift in Sources */,
				5D3E3C442B5C330000E3266E /* AuthenticationViewModel.swift in Sources */,
				5DDA81CA2B60465700548411 /* HorizontalScrollSection.swift in Sources */,
				5D14B3432B76AF4A00A5063E /* MainViewModel.swift in Sources */,
				5D3E3C322B5C1FB600E3266E /* HomeViewController.swift in Sources */,
				5D3E3C422B5C30FA00E3266E /* TextFieldView.swift in Sources */,
				5DB880702B5BBDCE003FE18D /* ApiManager.swift in Sources */,
				5D14B34D2B77991400A5063E /* NSAttributedString+Extension.swift in Sources */,
				5D3E3C3F2B5C2F8F00E3266E /* RegistrationView.swift in Sources */,
				5D8F350B2B72C85200FDFCFD /* MockRecipe.swift in Sources */,
				5DDA81B72B5EC4B100548411 /* FlowCoordinator.swift in Sources */,
				5DB880A62B5BE876003FE18D /* InjectionKey.swift in Sources */,
				5D14B3492B76DB4F00A5063E /* BackgroundView.swift in Sources */,
				5D3E3C302B5C1F5200E3266E /* TabBarController.swift in Sources */,
				5D14B33B2B750D8600A5063E /* FavoriteRecipesCustomTableViewCell.swift in Sources */,
				5D8F35072B72BE5500FDFCFD /* UIButton+Extension.swift in Sources */,
				5D14B3502B779A3900A5063E /* RecipeCustomTableViewCell.swift in Sources */,
				5DC38A742B78DE16003860BB /* SaveButtonView.swift in Sources */,
				5D3E3C362B5C1FED00E3266E /* ProfileViewController.swift in Sources */,
				5DB8804D2B5B2114003FE18D /* AppDelegate.swift in Sources */,
				5D3E3C4C2B5D2DE200E3266E /* LoginView.swift in Sources */,
				5D14B3532B7801C200A5063E /* LogoContainerView.swift in Sources */,
				5DC38A712B78DCC9003860BB /* CustomLinearGradientView.swift in Sources */,
				5DB880A42B5BE86B003FE18D /* InjectedValues.swift in Sources */,
				5DB8804F2B5B2114003FE18D /* SceneDelegate.swift in Sources */,
				5D3E3C3C2B5C216700E3266E /* Constants.swift in Sources */,
				5D14B3552B7802C000A5063E /* SearchButtonView.swift in Sources */,
				5D8F34FE2B72868B00FDFCFD /* RecipeViewController.swift in Sources */,
				5DB880A22B5BE85F003FE18D /* Injected.swift in Sources */,
				5DDA81B22B5E880C00548411 /* InjectedDependencies.swift in Sources */,
				5DC38A762B78F2C4003860BB /* AuthBackgroundViewRepresentable.swift in Sources */,
				5D8F34FC2B71981300FDFCFD /* PromptViewController.swift in Sources */,
				5D8F35022B72AC0400FDFCFD /* UILabel+Extension.swift in Sources */,
				5DB880AA2B5BED9F003FE18D /* NetworkProviding.swift in Sources */,
				5D4392AB2B713BD300039BCC /* Prompt.swift in Sources */,
			);
			runOnlyForDeploymentPostprocessing = 0;
		};
/* End PBXSourcesBuildPhase section */

/* Begin PBXVariantGroup section */
		5DB880572B5B2115003FE18D /* LaunchScreen.storyboard */ = {
			isa = PBXVariantGroup;
			children = (
				5DB880582B5B2115003FE18D /* Base */,
			);
			name = LaunchScreen.storyboard;
			sourceTree = "<group>";
		};
/* End PBXVariantGroup section */

/* Begin XCBuildConfiguration section */
		5DB8805B2B5B2115003FE18D /* Debug */ = {
			isa = XCBuildConfiguration;
			buildSettings = {
				ALWAYS_SEARCH_USER_PATHS = NO;
				ASSETCATALOG_COMPILER_GENERATE_SWIFT_ASSET_SYMBOL_EXTENSIONS = YES;
				CLANG_ANALYZER_NONNULL = YES;
				CLANG_ANALYZER_NUMBER_OBJECT_CONVERSION = YES_AGGRESSIVE;
				CLANG_CXX_LANGUAGE_STANDARD = "gnu++20";
				CLANG_ENABLE_MODULES = YES;
				CLANG_ENABLE_OBJC_ARC = YES;
				CLANG_ENABLE_OBJC_WEAK = YES;
				CLANG_WARN_BLOCK_CAPTURE_AUTORELEASING = YES;
				CLANG_WARN_BOOL_CONVERSION = YES;
				CLANG_WARN_COMMA = YES;
				CLANG_WARN_CONSTANT_CONVERSION = YES;
				CLANG_WARN_DEPRECATED_OBJC_IMPLEMENTATIONS = YES;
				CLANG_WARN_DIRECT_OBJC_ISA_USAGE = YES_ERROR;
				CLANG_WARN_DOCUMENTATION_COMMENTS = YES;
				CLANG_WARN_EMPTY_BODY = YES;
				CLANG_WARN_ENUM_CONVERSION = YES;
				CLANG_WARN_INFINITE_RECURSION = YES;
				CLANG_WARN_INT_CONVERSION = YES;
				CLANG_WARN_NON_LITERAL_NULL_CONVERSION = YES;
				CLANG_WARN_OBJC_IMPLICIT_RETAIN_SELF = YES;
				CLANG_WARN_OBJC_LITERAL_CONVERSION = YES;
				CLANG_WARN_OBJC_ROOT_CLASS = YES_ERROR;
				CLANG_WARN_QUOTED_INCLUDE_IN_FRAMEWORK_HEADER = YES;
				CLANG_WARN_RANGE_LOOP_ANALYSIS = YES;
				CLANG_WARN_STRICT_PROTOTYPES = YES;
				CLANG_WARN_SUSPICIOUS_MOVE = YES;
				CLANG_WARN_UNGUARDED_AVAILABILITY = YES_AGGRESSIVE;
				CLANG_WARN_UNREACHABLE_CODE = YES;
				CLANG_WARN__DUPLICATE_METHOD_MATCH = YES;
				COPY_PHASE_STRIP = NO;
				DEBUG_INFORMATION_FORMAT = dwarf;
				ENABLE_STRICT_OBJC_MSGSEND = YES;
				ENABLE_TESTABILITY = YES;
				ENABLE_USER_SCRIPT_SANDBOXING = YES;
				GCC_C_LANGUAGE_STANDARD = gnu17;
				GCC_DYNAMIC_NO_PIC = NO;
				GCC_NO_COMMON_BLOCKS = YES;
				GCC_OPTIMIZATION_LEVEL = 0;
				GCC_PREPROCESSOR_DEFINITIONS = (
					"DEBUG=1",
					"$(inherited)",
				);
				GCC_WARN_64_TO_32_BIT_CONVERSION = YES;
				GCC_WARN_ABOUT_RETURN_TYPE = YES_ERROR;
				GCC_WARN_UNDECLARED_SELECTOR = YES;
				GCC_WARN_UNINITIALIZED_AUTOS = YES_AGGRESSIVE;
				GCC_WARN_UNUSED_FUNCTION = YES;
				GCC_WARN_UNUSED_VARIABLE = YES;
				IPHONEOS_DEPLOYMENT_TARGET = 17.0;
				LOCALIZATION_PREFERS_STRING_CATALOGS = YES;
				MTL_ENABLE_DEBUG_INFO = INCLUDE_SOURCE;
				MTL_FAST_MATH = YES;
				ONLY_ACTIVE_ARCH = YES;
				SDKROOT = iphoneos;
				SWIFT_ACTIVE_COMPILATION_CONDITIONS = "DEBUG $(inherited)";
				SWIFT_OPTIMIZATION_LEVEL = "-Onone";
			};
			name = Debug;
		};
		5DB8805C2B5B2115003FE18D /* Release */ = {
			isa = XCBuildConfiguration;
			buildSettings = {
				ALWAYS_SEARCH_USER_PATHS = NO;
				ASSETCATALOG_COMPILER_GENERATE_SWIFT_ASSET_SYMBOL_EXTENSIONS = YES;
				CLANG_ANALYZER_NONNULL = YES;
				CLANG_ANALYZER_NUMBER_OBJECT_CONVERSION = YES_AGGRESSIVE;
				CLANG_CXX_LANGUAGE_STANDARD = "gnu++20";
				CLANG_ENABLE_MODULES = YES;
				CLANG_ENABLE_OBJC_ARC = YES;
				CLANG_ENABLE_OBJC_WEAK = YES;
				CLANG_WARN_BLOCK_CAPTURE_AUTORELEASING = YES;
				CLANG_WARN_BOOL_CONVERSION = YES;
				CLANG_WARN_COMMA = YES;
				CLANG_WARN_CONSTANT_CONVERSION = YES;
				CLANG_WARN_DEPRECATED_OBJC_IMPLEMENTATIONS = YES;
				CLANG_WARN_DIRECT_OBJC_ISA_USAGE = YES_ERROR;
				CLANG_WARN_DOCUMENTATION_COMMENTS = YES;
				CLANG_WARN_EMPTY_BODY = YES;
				CLANG_WARN_ENUM_CONVERSION = YES;
				CLANG_WARN_INFINITE_RECURSION = YES;
				CLANG_WARN_INT_CONVERSION = YES;
				CLANG_WARN_NON_LITERAL_NULL_CONVERSION = YES;
				CLANG_WARN_OBJC_IMPLICIT_RETAIN_SELF = YES;
				CLANG_WARN_OBJC_LITERAL_CONVERSION = YES;
				CLANG_WARN_OBJC_ROOT_CLASS = YES_ERROR;
				CLANG_WARN_QUOTED_INCLUDE_IN_FRAMEWORK_HEADER = YES;
				CLANG_WARN_RANGE_LOOP_ANALYSIS = YES;
				CLANG_WARN_STRICT_PROTOTYPES = YES;
				CLANG_WARN_SUSPICIOUS_MOVE = YES;
				CLANG_WARN_UNGUARDED_AVAILABILITY = YES_AGGRESSIVE;
				CLANG_WARN_UNREACHABLE_CODE = YES;
				CLANG_WARN__DUPLICATE_METHOD_MATCH = YES;
				COPY_PHASE_STRIP = NO;
				DEBUG_INFORMATION_FORMAT = "dwarf-with-dsym";
				ENABLE_NS_ASSERTIONS = NO;
				ENABLE_STRICT_OBJC_MSGSEND = YES;
				ENABLE_USER_SCRIPT_SANDBOXING = YES;
				GCC_C_LANGUAGE_STANDARD = gnu17;
				GCC_NO_COMMON_BLOCKS = YES;
				GCC_WARN_64_TO_32_BIT_CONVERSION = YES;
				GCC_WARN_ABOUT_RETURN_TYPE = YES_ERROR;
				GCC_WARN_UNDECLARED_SELECTOR = YES;
				GCC_WARN_UNINITIALIZED_AUTOS = YES_AGGRESSIVE;
				GCC_WARN_UNUSED_FUNCTION = YES;
				GCC_WARN_UNUSED_VARIABLE = YES;
				IPHONEOS_DEPLOYMENT_TARGET = 17.0;
				LOCALIZATION_PREFERS_STRING_CATALOGS = YES;
				MTL_ENABLE_DEBUG_INFO = NO;
				MTL_FAST_MATH = YES;
				SDKROOT = iphoneos;
				SWIFT_COMPILATION_MODE = wholemodule;
				VALIDATE_PRODUCT = YES;
			};
			name = Release;
		};
		5DB8805E2B5B2115003FE18D /* Debug */ = {
			isa = XCBuildConfiguration;
			buildSettings = {
				ASSETCATALOG_COMPILER_APPICON_NAME = AppIcon;
				ASSETCATALOG_COMPILER_GLOBAL_ACCENT_COLOR_NAME = AccentColor;
				CODE_SIGN_STYLE = Automatic;
				CURRENT_PROJECT_VERSION = 1;
				DEVELOPMENT_TEAM = N6PQF93RKP;
				GENERATE_INFOPLIST_FILE = YES;
				INFOPLIST_FILE = Cookly/Info.plist;
				INFOPLIST_KEY_UIApplicationSupportsIndirectInputEvents = YES;
				INFOPLIST_KEY_UILaunchStoryboardName = LaunchScreen;
				INFOPLIST_KEY_UISupportedInterfaceOrientations = UIInterfaceOrientationPortrait;
				IPHONEOS_DEPLOYMENT_TARGET = 17.0;
				LD_RUNPATH_SEARCH_PATHS = (
					"$(inherited)",
					"@executable_path/Frameworks",
				);
				MARKETING_VERSION = 1.0;
				PRODUCT_BUNDLE_IDENTIFIER = com.nat.Cookly;
				PRODUCT_NAME = "$(TARGET_NAME)";
				SWIFT_EMIT_LOC_STRINGS = YES;
				SWIFT_VERSION = 5.0;
				TARGETED_DEVICE_FAMILY = "1,2";
			};
			name = Debug;
		};
		5DB8805F2B5B2115003FE18D /* Release */ = {
			isa = XCBuildConfiguration;
			buildSettings = {
				ASSETCATALOG_COMPILER_APPICON_NAME = AppIcon;
				ASSETCATALOG_COMPILER_GLOBAL_ACCENT_COLOR_NAME = AccentColor;
				CODE_SIGN_STYLE = Automatic;
				CURRENT_PROJECT_VERSION = 1;
				DEVELOPMENT_TEAM = N6PQF93RKP;
				GENERATE_INFOPLIST_FILE = YES;
				INFOPLIST_FILE = Cookly/Info.plist;
				INFOPLIST_KEY_UIApplicationSupportsIndirectInputEvents = YES;
				INFOPLIST_KEY_UILaunchStoryboardName = LaunchScreen;
				INFOPLIST_KEY_UISupportedInterfaceOrientations = UIInterfaceOrientationPortrait;
				IPHONEOS_DEPLOYMENT_TARGET = 17.0;
				LD_RUNPATH_SEARCH_PATHS = (
					"$(inherited)",
					"@executable_path/Frameworks",
				);
				MARKETING_VERSION = 1.0;
				PRODUCT_BUNDLE_IDENTIFIER = com.nat.Cookly;
				PRODUCT_NAME = "$(TARGET_NAME)";
				SWIFT_EMIT_LOC_STRINGS = YES;
				SWIFT_VERSION = 5.0;
				TARGETED_DEVICE_FAMILY = "1,2";
			};
			name = Release;
		};
/* End XCBuildConfiguration section */

/* Begin XCConfigurationList section */
		5DB880442B5B2114003FE18D /* Build configuration list for PBXProject "Cookly" */ = {
			isa = XCConfigurationList;
			buildConfigurations = (
				5DB8805B2B5B2115003FE18D /* Debug */,
				5DB8805C2B5B2115003FE18D /* Release */,
			);
			defaultConfigurationIsVisible = 0;
			defaultConfigurationName = Release;
		};
		5DB8805D2B5B2115003FE18D /* Build configuration list for PBXNativeTarget "Cookly" */ = {
			isa = XCConfigurationList;
			buildConfigurations = (
				5DB8805E2B5B2115003FE18D /* Debug */,
				5DB8805F2B5B2115003FE18D /* Release */,
			);
			defaultConfigurationIsVisible = 0;
			defaultConfigurationName = Release;
		};
/* End XCConfigurationList section */

/* Begin XCRemoteSwiftPackageReference section */
		5DB880602B5B2132003FE18D /* XCRemoteSwiftPackageReference "supabase-swift" */ = {
			isa = XCRemoteSwiftPackageReference;
			repositoryURL = "git@github.com:supabase-community/supabase-swift.git";
			requirement = {
				kind = upToNextMajorVersion;
				minimumVersion = 2.1.0;
			};
		};
/* End XCRemoteSwiftPackageReference section */

/* Begin XCSwiftPackageProductDependency section */
		5DB880612B5B2132003FE18D /* Auth */ = {
			isa = XCSwiftPackageProductDependency;
			package = 5DB880602B5B2132003FE18D /* XCRemoteSwiftPackageReference "supabase-swift" */;
			productName = Auth;
		};
		5DB880632B5B2132003FE18D /* Functions */ = {
			isa = XCSwiftPackageProductDependency;
			package = 5DB880602B5B2132003FE18D /* XCRemoteSwiftPackageReference "supabase-swift" */;
			productName = Functions;
		};
		5DB880652B5B2132003FE18D /* PostgREST */ = {
			isa = XCSwiftPackageProductDependency;
			package = 5DB880602B5B2132003FE18D /* XCRemoteSwiftPackageReference "supabase-swift" */;
			productName = PostgREST;
		};
		5DB880672B5B2132003FE18D /* Realtime */ = {
			isa = XCSwiftPackageProductDependency;
			package = 5DB880602B5B2132003FE18D /* XCRemoteSwiftPackageReference "supabase-swift" */;
			productName = Realtime;
		};
		5DB880692B5B2132003FE18D /* Storage */ = {
			isa = XCSwiftPackageProductDependency;
			package = 5DB880602B5B2132003FE18D /* XCRemoteSwiftPackageReference "supabase-swift" */;
			productName = Storage;
		};
		5DB8806B2B5B2132003FE18D /* Supabase */ = {
			isa = XCSwiftPackageProductDependency;
			package = 5DB880602B5B2132003FE18D /* XCRemoteSwiftPackageReference "supabase-swift" */;
			productName = Supabase;
		};
/* End XCSwiftPackageProductDependency section */
	};
	rootObject = 5DB880412B5B2114003FE18D /* Project object */;
}
